
Microsoft Visual Studio Solution File, Format Version 12.00
# Visual Studio 14
VisualStudioVersion = 14.0.25420.1
MinimumVisualStudioVersion = 10.0.40219.1
Project("{FAE04EC0-301F-11D3-BF4B-00C04F79EFBC}") = "rabbitmq-sender", "rabbitmq-sender\rabbitmq-sender.csproj", "{82FAD6DD-C551-4BBB-BB8A-DA7F1C2371A9}"
EndProject
Project("{FAE04EC0-301F-11D3-BF4B-00C04F79EFBC}") = "rabbitmq-receiver", "rabbitmq-receiver\rabbitmq-receiver.csproj", "{93D4A9D0-AE5D-4757-AE9D-82E913117536}"
EndProject
Global
	GlobalSection(SolutionConfigurationPlatforms) = preSolution
		Debug|Any CPU = Debug|Any CPU
		Release|Any CPU = Release|Any CPU
	EndGlobalSection
	GlobalSection(ProjectConfigurationPlatforms) = postSolution
		{82FAD6DD-C551-4BBB-BB8A-DA7F1C2371A9}.Debug|Any CPU.ActiveCfg = Debug|Any CPU
		{82FAD6DD-C551-4BBB-BB8A-DA7F1C2371A9}.Debug|Any CPU.Build.0 = Debug|Any CPU
		{82FAD6DD-C551-4BBB-BB8A-DA7F1C2371A9}.Release|Any CPU.ActiveCfg = Release|Any CPU
		{82FAD6DD-C551-4BBB-BB8A-DA7F1C2371A9}.Release|Any CPU.Build.0 = Release|Any CPU
		{93D4A9D0-AE5D-4757-AE9D-82E913117536}.Debug|Any CPU.ActiveCfg = Debug|Any CPU
		{93D4A9D0-AE5D-4757-AE9D-82E913117536}.Debug|Any CPU.Build.0 = Debug|Any CPU
		{93D4A9D0-AE5D-4757-AE9D-82E913117536}.Release|Any CPU.ActiveCfg = Release|Any CPU
		{93D4A9D0-AE5D-4757-AE9D-82E913117536}.Release|Any CPU.Build.0 = Release|Any CPU
	EndGlobalSection
	GlobalSection(SolutionProperties) = preSolution
		HideSolutionNode = FALSE
	EndGlobalSection
EndGlobal
